
Microsoft Visual Studio Solution File, Format Version 12.00
# Visual Studio Version 17
VisualStudioVersion = 17.11.35222.181
MinimumVisualStudioVersion = 10.0.40219.1
Project("{9A19103F-16F7-4668-BE54-9A1E7A4F7556}") = "ResponseCompression.API", "src\ResponseCompression.API\ResponseCompression.API.csproj", "{0468DA76-F642-435A-A0A0-FCE7CCBD07FF}"
EndProject
Project("{2150E333-8FDC-42A3-9474-1A3956D46DE8}") = "Tests", "Tests", "{6E6614D3-7D99-48DD-8484-186AC985FD3C}"
EndProject
Project("{9A19103F-16F7-4668-BE54-9A1E7A4F7556}") = "UnitTests", "tests\UnitTests\UnitTests.csproj", "{85A8E41E-2E4B-4D82-BF8F-A6DB6CE5F507}"
EndProject
Project("{9A19103F-16F7-4668-BE54-9A1E7A4F7556}") = "ResponseCompression.NoCompression.API", "src\ResponseCompression.NoCompression.API\ResponseCompression.NoCompression.API.csproj", "{319EB9A2-5EBC-41BB-B672-725E6AE8991B}"
EndProject
Project("{9A19103F-16F7-4668-BE54-9A1E7A4F7556}") = "ResponseCompression.ApplicationService", "src\ResponseCompression.ApplicationService\ResponseCompression.ApplicationService.csproj", "{B6ABA10B-02F7-410B-93E0-6DB3CDCBA361}"
EndProject
Project("{9A19103F-16F7-4668-BE54-9A1E7A4F7556}") = "ResponseCompression.Domain", "src\ResponseCompression.Domain\ResponseCompression.Domain.csproj", "{85248433-B8E2-4CF0-8111-27655D59CC12}"
EndProject
Project("{E53339B2-1760-4266-BCC7-CA923CBCF16C}") = "docker-compose", "docker-compose.dcproj", "{E76467CB-D901-4F44-B1C7-9C74C80A6512}"
EndProject
Global
	GlobalSection(SolutionConfigurationPlatforms) = preSolution
		Debug|Any CPU = Debug|Any CPU
		Release|Any CPU = Release|Any CPU
	EndGlobalSection
	GlobalSection(ProjectConfigurationPlatforms) = postSolution
		{0468DA76-F642-435A-A0A0-FCE7CCBD07FF}.Debug|Any CPU.ActiveCfg = Debug|Any CPU
		{0468DA76-F642-435A-A0A0-FCE7CCBD07FF}.Debug|Any CPU.Build.0 = Debug|Any CPU
		{0468DA76-F642-435A-A0A0-FCE7CCBD07FF}.Release|Any CPU.ActiveCfg = Release|Any CPU
		{0468DA76-F642-435A-A0A0-FCE7CCBD07FF}.Release|Any CPU.Build.0 = Release|Any CPU
		{85A8E41E-2E4B-4D82-BF8F-A6DB6CE5F507}.Debug|Any CPU.ActiveCfg = Debug|Any CPU
		{85A8E41E-2E4B-4D82-BF8F-A6DB6CE5F507}.Debug|Any CPU.Build.0 = Debug|Any CPU
		{85A8E41E-2E4B-4D82-BF8F-A6DB6CE5F507}.Release|Any CPU.ActiveCfg = Release|Any CPU
		{85A8E41E-2E4B-4D82-BF8F-A6DB6CE5F507}.Release|Any CPU.Build.0 = Release|Any CPU
		{319EB9A2-5EBC-41BB-B672-725E6AE8991B}.Debug|Any CPU.ActiveCfg = Debug|Any CPU
		{319EB9A2-5EBC-41BB-B672-725E6AE8991B}.Debug|Any CPU.Build.0 = Debug|Any CPU
		{319EB9A2-5EBC-41BB-B672-725E6AE8991B}.Release|Any CPU.ActiveCfg = Release|Any CPU
		{319EB9A2-5EBC-41BB-B672-725E6AE8991B}.Release|Any CPU.Build.0 = Release|Any CPU
		{B6ABA10B-02F7-410B-93E0-6DB3CDCBA361}.Debug|Any CPU.ActiveCfg = Debug|Any CPU
		{B6ABA10B-02F7-410B-93E0-6DB3CDCBA361}.Debug|Any CPU.Build.0 = Debug|Any CPU
		{B6ABA10B-02F7-410B-93E0-6DB3CDCBA361}.Release|Any CPU.ActiveCfg = Release|Any CPU
		{B6ABA10B-02F7-410B-93E0-6DB3CDCBA361}.Release|Any CPU.Build.0 = Release|Any CPU
		{85248433-B8E2-4CF0-8111-27655D59CC12}.Debug|Any CPU.ActiveCfg = Debug|Any CPU
		{85248433-B8E2-4CF0-8111-27655D59CC12}.Debug|Any CPU.Build.0 = Debug|Any CPU
		{85248433-B8E2-4CF0-8111-27655D59CC12}.Release|Any CPU.ActiveCfg = Release|Any CPU
		{85248433-B8E2-4CF0-8111-27655D59CC12}.Release|Any CPU.Build.0 = Release|Any CPU
		{E76467CB-D901-4F44-B1C7-9C74C80A6512}.Debug|Any CPU.ActiveCfg = Debug|Any CPU
		{E76467CB-D901-4F44-B1C7-9C74C80A6512}.Debug|Any CPU.Build.0 = Debug|Any CPU
		{E76467CB-D901-4F44-B1C7-9C74C80A6512}.Release|Any CPU.ActiveCfg = Release|Any CPU
		{E76467CB-D901-4F44-B1C7-9C74C80A6512}.Release|Any CPU.Build.0 = Release|Any CPU
	EndGlobalSection
	GlobalSection(SolutionProperties) = preSolution
		HideSolutionNode = FALSE
	EndGlobalSection
	GlobalSection(NestedProjects) = preSolution
		{85A8E41E-2E4B-4D82-BF8F-A6DB6CE5F507} = {6E6614D3-7D99-48DD-8484-186AC985FD3C}
	EndGlobalSection
	GlobalSection(ExtensibilityGlobals) = postSolution
		SolutionGuid = {FB8F13C6-8D90-4D18-9BC0-09629519A3AA}
	EndGlobalSection
EndGlobal
